
Microsoft Visual Studio Solution File, Format Version 12.00
# Visual Studio 15
VisualStudioVersion = 15.0.28307.136
MinimumVisualStudioVersion = 10.0.40219.1
Project("{FAE04EC0-301F-11D3-BF4B-00C04F79EFBC}") = "WebOdevi", "WebOdevi\WebOdevi.csproj", "{DF37819A-65DF-409A-9D6C-8BA9B187A51C}"
EndProject
Global
	GlobalSection(SolutionConfigurationPlatforms) = preSolution
		Debug|Any CPU = Debug|Any CPU
		Release|Any CPU = Release|Any CPU
	EndGlobalSection
	GlobalSection(ProjectConfigurationPlatforms) = postSolution
		{DF37819A-65DF-409A-9D6C-8BA9B187A51C}.Debug|Any CPU.ActiveCfg = Debug|Any CPU
		{DF37819A-65DF-409A-9D6C-8BA9B187A51C}.Debug|Any CPU.Build.0 = Debug|Any CPU
		{DF37819A-65DF-409A-9D6C-8BA9B187A51C}.Release|Any CPU.ActiveCfg = Release|Any CPU
		{DF37819A-65DF-409A-9D6C-8BA9B187A51C}.Release|Any CPU.Build.0 = Release|Any CPU
	EndGlobalSection
	GlobalSection(SolutionProperties) = preSolution
		HideSolutionNode = FALSE
	EndGlobalSection
	GlobalSection(ExtensibilityGlobals) = postSolution
		SolutionGuid = {0112C063-9A13-4C4B-BAE6-2E9B39959D72}
	EndGlobalSection
EndGlobal
